
Microsoft Visual Studio Solution File, Format Version 12.00
# Visual Studio Version 16
VisualStudioVersion = 16.0.34601.136
MinimumVisualStudioVersion = 10.0.40219.1
Project("{FAE04EC0-301F-11D3-BF4B-00C04F79EFBC}") = "WebApi_Assignment", "WebApi_Assignment\WebApi_Assignment.csproj", "{6C1529E3-35B2-4401-B473-066185F43EA2}"
EndProject
Global
	GlobalSection(SolutionConfigurationPlatforms) = preSolution
		Debug|Any CPU = Debug|Any CPU
		Release|Any CPU = Release|Any CPU
	EndGlobalSection
	GlobalSection(ProjectConfigurationPlatforms) = postSolution
		{6C1529E3-35B2-4401-B473-066185F43EA2}.Debug|Any CPU.ActiveCfg = Debug|Any CPU
		{6C1529E3-35B2-4401-B473-066185F43EA2}.Debug|Any CPU.Build.0 = Debug|Any CPU
		{6C1529E3-35B2-4401-B473-066185F43EA2}.Release|Any CPU.ActiveCfg = Release|Any CPU
		{6C1529E3-35B2-4401-B473-066185F43EA2}.Release|Any CPU.Build.0 = Release|Any CPU
	EndGlobalSection
	GlobalSection(SolutionProperties) = preSolution
		HideSolutionNode = FALSE
	EndGlobalSection
	GlobalSection(ExtensibilityGlobals) = postSolution
		SolutionGuid = {D0C84D42-6F35-4569-BC7A-7E3B94D6A4CC}
	EndGlobalSection
EndGlobal
